
Microsoft Visual Studio Solution File, Format Version 12.00
# Visual Studio Version 17
VisualStudioVersion = 17.7.34024.191
MinimumVisualStudioVersion = 10.0.40219.1
Project("{FAE04EC0-301F-11D3-BF4B-00C04F79EFBC}") = "11-1", "11-1.csproj", "{14AB9E9C-F6E3-4042-B71E-2F06207ACEBA}"
EndProject
Global
	GlobalSection(SolutionConfigurationPlatforms) = preSolution
		Debug|Any CPU = Debug|Any CPU
		Release|Any CPU = Release|Any CPU
	EndGlobalSection
	GlobalSection(ProjectConfigurationPlatforms) = postSolution
		{14AB9E9C-F6E3-4042-B71E-2F06207ACEBA}.Debug|Any CPU.ActiveCfg = Debug|Any CPU
		{14AB9E9C-F6E3-4042-B71E-2F06207ACEBA}.Debug|Any CPU.Build.0 = Debug|Any CPU
		{14AB9E9C-F6E3-4042-B71E-2F06207ACEBA}.Release|Any CPU.ActiveCfg = Release|Any CPU
		{14AB9E9C-F6E3-4042-B71E-2F06207ACEBA}.Release|Any CPU.Build.0 = Release|Any CPU
	EndGlobalSection
	GlobalSection(SolutionProperties) = preSolution
		HideSolutionNode = FALSE
	EndGlobalSection
	GlobalSection(ExtensibilityGlobals) = postSolution
		SolutionGuid = {84D83702-5A15-45B3-AF2C-AB3936DCFBF4}
	EndGlobalSection
EndGlobal
